PODS:
  - Kingfisher (5.3.1)
  - SwiftKeychainWrapper (3.2.0)

DEPENDENCIES:
  - Kingfisher (~> 5.3.1)
  - SwiftKeychainWrapper

SPEC REPOS:
  https://github.com/cocoapods/specs.git:
    - Kingfisher
    - SwiftKeychainWrapper

SPEC CHECKSUMS:
  Kingfisher: d9e7e0b209b59b8f9873aa2f37654e81a7beea51
  SwiftKeychainWrapper: 82c4c02cdc36f9a24f7edfcaab3e336401caa1a1

PODFILE CHECKSUM: 0f379d2c50431ec7432226569f654ab89770a08a

COCOAPODS: 1.6.1
