PODS:
  - Kingfisher (5.4.0)
  - SwiftKeychainWrapper (3.3.0)

DEPENDENCIES:
  - Kingfisher (~> 5.4.0)
  - SwiftKeychainWrapper

SPEC REPOS:
  https://github.com/cocoapods/specs.git:
    - Kingfisher
    - SwiftKeychainWrapper

SPEC CHECKSUMS:
  Kingfisher: 9c8f2cc6710334e06f32ba2b45e77707d5e2f0c9
  SwiftKeychainWrapper: ef5ad793bc0e08e24a5913f28345b8f7bc8e4123

PODFILE CHECKSUM: 6bfd5f8656cf53373fff6b9f60c93b53085f9c5e

COCOAPODS: 1.6.2
